
Microsoft Visual Studio Solution File, Format Version 12.00
# Visual Studio Version 17
VisualStudioVersion = 17.5.002.0
MinimumVisualStudioVersion = 10.0.40219.1
Project("{9A19103F-16F7-4668-BE54-9A1E7A4F7556}") = "CIS_106_WEEK_3_ASSIGNMENT", "CIS_106_WEEK_3_ASSIGNMENT.csproj", "{AA60BD0F-B6AA-45F0-8018-9670D0C7EF32}"
EndProject
Global
	GlobalSection(SolutionConfigurationPlatforms) = preSolution
		Debug|Any CPU = Debug|Any CPU
		Release|Any CPU = Release|Any CPU
	EndGlobalSection
	GlobalSection(ProjectConfigurationPlatforms) = postSolution
		{AA60BD0F-B6AA-45F0-8018-9670D0C7EF32}.Debug|Any CPU.ActiveCfg = Debug|Any CPU
		{AA60BD0F-B6AA-45F0-8018-9670D0C7EF32}.Debug|Any CPU.Build.0 = Debug|Any CPU
		{AA60BD0F-B6AA-45F0-8018-9670D0C7EF32}.Release|Any CPU.ActiveCfg = Release|Any CPU
		{AA60BD0F-B6AA-45F0-8018-9670D0C7EF32}.Release|Any CPU.Build.0 = Release|Any CPU
	EndGlobalSection
	GlobalSection(SolutionProperties) = preSolution
		HideSolutionNode = FALSE
	EndGlobalSection
	GlobalSection(ExtensibilityGlobals) = postSolution
		SolutionGuid = {7A4D0D42-A04F-4B39-9840-415B88F2E042}
	EndGlobalSection
EndGlobal
